// !$*UTF8*$!
{
	archiveVersion = 1;
	classes = {
	};
	objectVersion = 46;
	objects = {

/* Begin PBXBuildFile section */
		5E7A98D41D1C8E960070CFCA /* AppDelegate.swift in Sources */ = {isa = PBXBuildFile; fileRef = 5E7A98D31D1C8E960070CFCA /* AppDelegate.swift */; };
		5E7A98D61D1C8E960070CFCA /* ViewController.swift in Sources */ = {isa = PBXBuildFile; fileRef = 5E7A98D51D1C8E960070CFCA /* ViewController.swift */; };
		5E7A98D91D1C8E960070CFCA /* Main.storyboard in Resources */ = {isa = PBXBuildFile; fileRef = 5E7A98D71D1C8E960070CFCA /* Main.storyboard */; };
		5E7A98DB1D1C8E960070CFCA /* Assets.xcassets in Resources */ = {isa = PBXBuildFile; fileRef = 5E7A98DA1D1C8E960070CFCA /* Assets.xcassets */; };
		5E7A98DE1D1C8E960070CFCA /* LaunchScreen.storyboard in Resources */ = {isa = PBXBuildFile; fileRef = 5E7A98DC1D1C8E960070CFCA /* LaunchScreen.storyboard */; };
		5E7A98E91D1C8E960070CFCA /* DemoTests.swift in Sources */ = {isa = PBXBuildFile; fileRef = 5E7A98E81D1C8E960070CFCA /* DemoTests.swift */; };
		5E7A98F51D1C8FE70070CFCA /* AutoScrollingView.swift in Sources */ = {isa = PBXBuildFile; fileRef = 5E7A98F41D1C8FE70070CFCA /* AutoScrollingView.swift */; };
/* End PBXBuildFile section */

/* Begin PBXContainerItemProxy section */
		5E7A98E51D1C8E960070CFCA /* PBXContainerItemProxy */ = {
			isa = PBXContainerItemProxy;
			containerPortal = 5E7A98C81D1C8E960070CFCA /* Project object */;
			proxyType = 1;
			remoteGlobalIDString = 5E7A98CF1D1C8E960070CFCA;
			remoteInfo = Demo;
		};
/* End PBXContainerItemProxy section */

/* Begin PBXFileReference section */
		5E7A98D01D1C8E960070CFCA /* Demo.app */ = {isa = PBXFileReference; explicitFileType = wrapper.application; includeInIndex = 0; path = Demo.app; sourceTree = BUILT_PRODUCTS_DIR; };
		5E7A98D31D1C8E960070CFCA /* AppDelegate.swift */ = {isa = PBXFileReference; lastKnownFileType = sourcecode.swift; path = AppDelegate.swift; sourceTree = "<group>"; };
		5E7A98D51D1C8E960070CFCA /* ViewController.swift */ = {isa = PBXFileReference; lastKnownFileType = sourcecode.swift; path = ViewController.swift; sourceTree = "<group>"; };
		5E7A98D81D1C8E960070CFCA /* Base */ = {isa = PBXFileReference; lastKnownFileType = file.storyboard; name = Base; path = Base.lproj/Main.storyboard; sourceTree = "<group>"; };
		5E7A98DA1D1C8E960070CFCA /* Assets.xcassets */ = {isa = PBXFileReference; lastKnownFileType = folder.assetcatalog; path = Assets.xcassets; sourceTree = "<group>"; };
		5E7A98DD1D1C8E960070CFCA /* Base */ = {isa = PBXFileReference; lastKnownFileType = file.storyboard; name = Base; path = Base.lproj/LaunchScreen.storyboard; sourceTree = "<group>"; };
		5E7A98DF1D1C8E960070CFCA /* Info.plist */ = {isa = PBXFileReference; lastKnownFileType = text.plist.xml; path = Info.plist; sourceTree = "<group>"; };
		5E7A98E41D1C8E960070CFCA /* DemoTests.xctest */ = {isa = PBXFileReference; explicitFileType = wrapper.cfbundle; includeInIndex = 0; path = DemoTests.xctest; sourceTree = BUILT_PRODUCTS_DIR; };
		5E7A98E81D1C8E960070CFCA /* DemoTests.swift */ = {isa = PBXFileReference; lastKnownFileType = sourcecode.swift; path = DemoTests.swift; sourceTree = "<group>"; };
		5E7A98EA1D1C8E960070CFCA /* Info.plist */ = {isa = PBXFileReference; lastKnownFileType = text.plist.xml; path = Info.plist; sourceTree = "<group>"; };
		5E7A98F41D1C8FE70070CFCA /* AutoScrollingView.swift */ = {isa = PBXFileReference; fileEncoding = 4; lastKnownFileType = sourcecode.swift; path = AutoScrollingView.swift; sourceTree = "<group>"; };
/* End PBXFileReference section */

/* Begin PBXFrameworksBuildPhase section */
		5E7A98CD1D1C8E960070CFCA /* Frameworks */ = {
			isa = PBXFrameworksBuildPhase;
			buildActionMask = 2147483647;
			files = (
			);
			runOnlyForDeploymentPostprocessing = 0;
		};
		5E7A98E11D1C8E960070CFCA /* Frameworks */ = {
			isa = PBXFrameworksBuildPhase;
			buildActionMask = 2147483647;
			files = (
			);
			runOnlyForDeploymentPostprocessing = 0;
		};
/* End PBXFrameworksBuildPhase section */

/* Begin PBXGroup section */
		5E7A98C71D1C8E960070CFCA = {
			isa = PBXGroup;
			children = (
				5E7A98F31D1C8FCE0070CFCA /* Source */,
				5E7A98D21D1C8E960070CFCA /* Demo */,
				5E7A98E71D1C8E960070CFCA /* DemoTests */,
				5E7A98D11D1C8E960070CFCA /* Products */,
			);
			sourceTree = "<group>";
		};
		5E7A98D11D1C8E960070CFCA /* Products */ = {
			isa = PBXGroup;
			children = (
				5E7A98D01D1C8E960070CFCA /* Demo.app */,
				5E7A98E41D1C8E960070CFCA /* DemoTests.xctest */,
			);
			name = Products;
			sourceTree = "<group>";
		};
		5E7A98D21D1C8E960070CFCA /* Demo */ = {
			isa = PBXGroup;
			children = (
				5E7A98D31D1C8E960070CFCA /* AppDelegate.swift */,
				5E7A98D51D1C8E960070CFCA /* ViewController.swift */,
				5E7A98D71D1C8E960070CFCA /* Main.storyboard */,
				5E7A98DA1D1C8E960070CFCA /* Assets.xcassets */,
				5E7A98DC1D1C8E960070CFCA /* LaunchScreen.storyboard */,
				5E7A98DF1D1C8E960070CFCA /* Info.plist */,
			);
			path = Demo;
			sourceTree = "<group>";
		};
		5E7A98E71D1C8E960070CFCA /* DemoTests */ = {
			isa = PBXGroup;
			children = (
				5E7A98E81D1C8E960070CFCA /* DemoTests.swift */,
				5E7A98EA1D1C8E960070CFCA /* Info.plist */,
			);
			path = DemoTests;
			sourceTree = "<group>";
		};
		5E7A98F31D1C8FCE0070CFCA /* Source */ = {
			isa = PBXGroup;
			children = (
				5E7A98F41D1C8FE70070CFCA /* AutoScrollingView.swift */,
			);
			path = Source;
			sourceTree = "<group>";
		};
/* End PBXGroup section */

/* Begin PBXNativeTarget section */
		5E7A98CF1D1C8E960070CFCA /* Demo */ = {
			isa = PBXNativeTarget;
			buildConfigurationList = 5E7A98ED1D1C8E960070CFCA /* Build configuration list for PBXNativeTarget "Demo" */;
			buildPhases = (
				5E7A98CC1D1C8E960070CFCA /* Sources */,
				5E7A98CD1D1C8E960070CFCA /* Frameworks */,
				5E7A98CE1D1C8E960070CFCA /* Resources */,
			);
			buildRules = (
			);
			dependencies = (
			);
			name = Demo;
			productName = Demo;
			productReference = 5E7A98D01D1C8E960070CFCA /* Demo.app */;
			productType = "com.apple.product-type.application";
		};
		5E7A98E31D1C8E960070CFCA /* DemoTests */ = {
			isa = PBXNativeTarget;
			buildConfigurationList = 5E7A98F01D1C8E960070CFCA /* Build configuration list for PBXNativeTarget "DemoTests" */;
			buildPhases = (
				5E7A98E01D1C8E960070CFCA /* Sources */,
				5E7A98E11D1C8E960070CFCA /* Frameworks */,
				5E7A98E21D1C8E960070CFCA /* Resources */,
			);
			buildRules = (
			);
			dependencies = (
				5E7A98E61D1C8E960070CFCA /* PBXTargetDependency */,
			);
			name = DemoTests;
			productName = DemoTests;
			productReference = 5E7A98E41D1C8E960070CFCA /* DemoTests.xctest */;
			productType = "com.apple.product-type.bundle.unit-test";
		};
/* End PBXNativeTarget section */

/* Begin PBXProject section */
		5E7A98C81D1C8E960070CFCA /* Project object */ = {
			isa = PBXProject;
			attributes = {
				LastSwiftUpdateCheck = 0730;
				LastUpgradeCheck = 0730;
				ORGANIZATIONNAME = "George Kye";
				TargetAttributes = {
					5E7A98CF1D1C8E960070CFCA = {
						CreatedOnToolsVersion = 7.3;
					};
					5E7A98E31D1C8E960070CFCA = {
						CreatedOnToolsVersion = 7.3;
						TestTargetID = 5E7A98CF1D1C8E960070CFCA;
					};
				};
			};
			buildConfigurationList = 5E7A98CB1D1C8E960070CFCA /* Build configuration list for PBXProject "Demo" */;
			compatibilityVersion = "Xcode 3.2";
			developmentRegion = English;
			hasScannedForEncodings = 0;
			knownRegions = (
				en,
				Base,
			);
			mainGroup = 5E7A98C71D1C8E960070CFCA;
			productRefGroup = 5E7A98D11D1C8E960070CFCA /* Products */;
			projectDirPath = "";
			projectRoot = "";
			targets = (
				5E7A98CF1D1C8E960070CFCA /* Demo */,
				5E7A98E31D1C8E960070CFCA /* DemoTests */,
			);
		};
/* End PBXProject section */

/* Begin PBXResourcesBuildPhase section */
		5E7A98CE1D1C8E960070CFCA /* Resources */ = {
			isa = PBXResourcesBuildPhase;
			buildActionMask = 2147483647;
			files = (
				5E7A98DE1D1C8E960070CFCA /* LaunchScreen.storyboard in Resources */,
				5E7A98DB1D1C8E960070CFCA /* Assets.xcassets in Resources */,
				5E7A98D91D1C8E960070CFCA /* Main.storyboard in Resources */,
			);
			runOnlyForDeploymentPostprocessing = 0;
		};
		5E7A98E21D1C8E960070CFCA /* Resources */ = {
			isa = PBXResourcesBuildPhase;
			buildActionMask = 2147483647;
			files = (
			);
			runOnlyForDeploymentPostprocessing = 0;
		};
/* End PBXResourcesBuildPhase section */

/* Begin PBXSourcesBuildPhase section */
		5E7A98CC1D1C8E960070CFCA /* Sources */ = {
			isa = PBXSourcesBuildPhase;
			buildActionMask = 2147483647;
			files = (
				5E7A98D61D1C8E960070CFCA /* ViewController.swift in Sources */,
				5E7A98D41D1C8E960070CFCA /* AppDelegate.swift in Sources */,
				5E7A98F51D1C8FE70070CFCA /* AutoScrollingView.swift in Sources */,
			);
			runOnlyForDeploymentPostprocessing = 0;
		};
		5E7A98E01D1C8E960070CFCA /* Sources */ = {
			isa = PBXSourcesBuildPhase;
			buildActionMask = 2147483647;
			files = (
				5E7A98E91D1C8E960070CFCA /* DemoTests.swift in Sources */,
			);
			runOnlyForDeploymentPostprocessing = 0;
		};
/* End PBXSourcesBuildPhase section */

/* Begin PBXTargetDependency section */
		5E7A98E61D1C8E960070CFCA /* PBXTargetDependency */ = {
			isa = PBXTargetDependency;
			target = 5E7A98CF1D1C8E960070CFCA /* Demo */;
			targetProxy = 5E7A98E51D1C8E960070CFCA /* PBXContainerItemProxy */;
		};
/* End PBXTargetDependency section */

/* Begin PBXVariantGroup section */
		5E7A98D71D1C8E960070CFCA /* Main.storyboard */ = {
			isa = PBXVariantGroup;
			children = (
				5E7A98D81D1C8E960070CFCA /* Base */,
			);
			name = Main.storyboard;
			sourceTree = "<group>";
		};
		5E7A98DC1D1C8E960070CFCA /* LaunchScreen.storyboard */ = {
			isa = PBXVariantGroup;
			children = (
				5E7A98DD1D1C8E960070CFCA /* Base */,
			);
			name = LaunchScreen.storyboard;
			sourceTree = "<group>";
		};
/* End PBXVariantGroup section */

/* Begin XCBuildConfiguration section */
		5E7A98EB1D1C8E960070CFCA /* Debug */ = {
			isa = XCBuildConfiguration;
			buildSettings = {
				ALWAYS_SEARCH_USER_PATHS = NO;
				CLANG_ANALYZER_NONNULL = YES;
				CLANG_CXX_LANGUAGE_STANDARD = "gnu++0x";
				CLANG_CXX_LIBRARY = "libc++";
				CLANG_ENABLE_MODULES = YES;
				CLANG_ENABLE_OBJC_ARC = YES;
				CLANG_WARN_BOOL_CONVERSION = YES;
				CLANG_WARN_CONSTANT_CONVERSION = YES;
				CLANG_WARN_DIRECT_OBJC_ISA_USAGE = YES_ERROR;
				CLANG_WARN_EMPTY_BODY = YES;
				CLANG_WARN_ENUM_CONVERSION = YES;
				CLANG_WARN_INT_CONVERSION = YES;
				CLANG_WARN_OBJC_ROOT_CLASS = YES_ERROR;
				CLANG_WARN_UNREACHABLE_CODE = YES;
				CLANG_WARN__DUPLICATE_METHOD_MATCH = YES;
				"CODE_SIGN_IDENTITY[sdk=iphoneos*]" = "iPhone Developer";
				COPY_PHASE_STRIP = NO;
				DEBUG_INFORMATION_FORMAT = dwarf;
				ENABLE_STRICT_OBJC_MSGSEND = YES;
				ENABLE_TESTABILITY = YES;
				GCC_C_LANGUAGE_STANDARD = gnu99;
				GCC_DYNAMIC_NO_PIC = NO;
				GCC_NO_COMMON_BLOCKS = YES;
				GCC_OPTIMIZATION_LEVEL = 0;
				GCC_PREPROCESSOR_DEFINITIONS = (
					"DEBUG=1",
					"$(inherited)",
				);
				GCC_WARN_64_TO_32_BIT_CONVERSION = YES;
				GCC_WARN_ABOUT_RETURN_TYPE = YES_ERROR;
				GCC_WARN_UNDECLARED_SELECTOR = YES;
				GCC_WARN_UNINITIALIZED_AUTOS = YES_AGGRESSIVE;
				GCC_WARN_UNUSED_FUNCTION = YES;
				GCC_WARN_UNUSED_VARIABLE = YES;
				IPHONEOS_DEPLOYMENT_TARGET = 9.3;
				MTL_ENABLE_DEBUG_INFO = YES;
				ONLY_ACTIVE_ARCH = YES;
				SDKROOT = iphoneos;
				SWIFT_OPTIMIZATION_LEVEL = "-Onone";
			};
			name = Debug;
		};
		5E7A98EC1D1C8E960070CFCA /* Release */ = {
			isa = XCBuildConfiguration;
			buildSettings = {
				ALWAYS_SEARCH_USER_PATHS = NO;
				CLANG_ANALYZER_NONNULL = YES;
				CLANG_CXX_LANGUAGE_STANDARD = "gnu++0x";
				CLANG_CXX_LIBRARY = "libc++";
				CLANG_ENABLE_MODULES = YES;
				CLANG_ENABLE_OBJC_ARC = YES;
				CLANG_WARN_BOOL_CONVERSION = YES;
				CLANG_WARN_CONSTANT_CONVERSION = YES;
				CLANG_WARN_DIRECT_OBJC_ISA_USAGE = YES_ERROR;
				CLANG_WARN_EMPTY_BODY = YES;
				CLANG_WARN_ENUM_CONVERSION = YES;
				CLANG_WARN_INT_CONVERSION = YES;
				CLANG_WARN_OBJC_ROOT_CLASS = YES_ERROR;
				CLANG_WARN_UNREACHABLE_CODE = YES;
				CLANG_WARN__DUPLICATE_METHOD_MATCH = YES;
				"CODE_SIGN_IDENTITY[sdk=iphoneos*]" = "iPhone Developer";
				COPY_PHASE_STRIP = NO;
				DEBUG_INFORMATION_FORMAT = "dwarf-with-dsym";
				ENABLE_NS_ASSERTIONS = NO;
				ENABLE_STRICT_OBJC_MSGSEND = YES;
				GCC_C_LANGUAGE_STANDARD = gnu99;
				GCC_NO_COMMON_BLOCKS = YES;
				GCC_WARN_64_TO_32_BIT_CONVERSION = YES;
				GCC_WARN_ABOUT_RETURN_TYPE = YES_ERROR;
				GCC_WARN_UNDECLARED_SELECTOR = YES;
				GCC_WARN_UNINITIALIZED_AUTOS = YES_AGGRESSIVE;
				GCC_WARN_UNUSED_FUNCTION = YES;
				GCC_WARN_UNUSED_VARIABLE = YES;
				IPHONEOS_DEPLOYMENT_TARGET = 9.3;
				MTL_ENABLE_DEBUG_INFO = NO;
				SDKROOT = iphoneos;
				VALIDATE_PRODUCT = YES;
			};
			name = Release;
		};
		5E7A98EE1D1C8E960070CFCA /* Debug */ = {
			isa = XCBuildConfiguration;
			buildSettings = {
				ASSETCATALOG_COMPILER_APPICON_NAME = AppIcon;
				INFOPLIST_FILE = Demo/Info.plist;
				LD_RUNPATH_SEARCH_PATHS = "$(inherited) @executable_path/Frameworks";
				PRODUCT_BUNDLE_IDENTIFIER = "George-Kye-Asiamah.Demo";
				PRODUCT_NAME = "$(TARGET_NAME)";
			};
			name = Debug;
		};
		5E7A98EF1D1C8E960070CFCA /* Release */ = {
			isa = XCBuildConfiguration;
			buildSettings = {
				ASSETCATALOG_COMPILER_APPICON_NAME = AppIcon;
				INFOPLIST_FILE = Demo/Info.plist;
				LD_RUNPATH_SEARCH_PATHS = "$(inherited) @executable_path/Frameworks";
				PRODUCT_BUNDLE_IDENTIFIER = "George-Kye-Asiamah.Demo";
				PRODUCT_NAME = "$(TARGET_NAME)";
			};
			name = Release;
		};
		5E7A98F11D1C8E960070CFCA /* Debug */ = {
			isa = XCBuildConfiguration;
			buildSettings = {
				BUNDLE_LOADER = "$(TEST_HOST)";
				INFOPLIST_FILE = DemoTests/Info.plist;
				LD_RUNPATH_SEARCH_PATHS = "$(inherited) @executable_path/Frameworks @loader_path/Frameworks";
				PRODUCT_BUNDLE_IDENTIFIER = "George-Kye-Asiamah.DemoTests";
				PRODUCT_NAME = "$(TARGET_NAME)";
				TEST_HOST = "$(BUILT_PRODUCTS_DIR)/Demo.app/Demo";
			};
			name = Debug;
		};
		5E7A98F21D1C8E960070CFCA /* Release */ = {
			isa = XCBuildConfiguration;
			buildSettings = {
				BUNDLE_LOADER = "$(TEST_HOST)";
				INFOPLIST_FILE = DemoTests/Info.plist;
				LD_RUNPATH_SEARCH_PATHS = "$(inherited) @executable_path/Frameworks @loader_path/Frameworks";
				PRODUCT_BUNDLE_IDENTIFIER = "George-Kye-Asiamah.DemoTests";
				PRODUCT_NAME = "$(TARGET_NAME)";
				TEST_HOST = "$(BUILT_PRODUCTS_DIR)/Demo.app/Demo";
			};
			name = Release;
		};
/* End XCBuildConfiguration section */

/* Begin XCConfigurationList section */
		5E7A98CB1D1C8E960070CFCA /* Build configuration list for PBXProject "Demo" */ = {
			isa = XCConfigurationList;
			buildConfigurations = (
				5E7A98EB1D1C8E960070CFCA /* Debug */,
				5E7A98EC1D1C8E960070CFCA /* Release */,
			);
			defaultConfigurationIsVisible = 0;
			defaultConfigurationName = Release;
		};
		5E7A98ED1D1C8E960070CFCA /* Build configuration list for PBXNativeTarget "Demo" */ = {
			isa = XCConfigurationList;
			buildConfigurations = (
				5E7A98EE1D1C8E960070CFCA /* Debug */,
				5E7A98EF1D1C8E960070CFCA /* Release */,
			);
			defaultConfigurationIsVisible = 0;
		};
		5E7A98F01D1C8E960070CFCA /* Build configuration list for PBXNativeTarget "DemoTests" */ = {
			isa = XCConfigurationList;
			buildConfigurations = (
				5E7A98F11D1C8E960070CFCA /* Debug */,
				5E7A98F21D1C8E960070CFCA /* Release */,
			);
			defaultConfigurationIsVisible = 0;
		};
/* End XCConfigurationList section */
	};
	rootObject = 5E7A98C81D1C8E960070CFCA /* Project object */;
}
